// !$*UTF8*$!
{
	archiveVersion = 1;
	classes = {
	};
	objectVersion = 46;
	objects = {

/* Begin PBXBuildFile section */
		18A9107F1ED97CC300979F5F /* AppDelegate.swift in Sources */ = {isa = PBXBuildFile; fileRef = 18A9107E1ED97CC300979F5F /* AppDelegate.swift */; };
		18A910811ED97CC300979F5F /* ViewController.swift in Sources */ = {isa = PBXBuildFile; fileRef = 18A910801ED97CC300979F5F /* ViewController.swift */; };
		18A910841ED97CC300979F5F /* Main.storyboard in Resources */ = {isa = PBXBuildFile; fileRef = 18A910821ED97CC300979F5F /* Main.storyboard */; };
		18A910861ED97CC300979F5F /* Assets.xcassets in Resources */ = {isa = PBXBuildFile; fileRef = 18A910851ED97CC300979F5F /* Assets.xcassets */; };
		18A910891ED97CC300979F5F /* LaunchScreen.storyboard in Resources */ = {isa = PBXBuildFile; fileRef = 18A910871ED97CC300979F5F /* LaunchScreen.storyboard */; };
		18A910911ED97D7100979F5F /* GoogleService-Info.plist in Resources */ = {isa = PBXBuildFile; fileRef = 18A910901ED97D7100979F5F /* GoogleService-Info.plist */; };
		EF5CD48EDB621D63378DDB5B /* Pods_firebaseTest.framework in Frameworks */ = {isa = PBXBuildFile; fileRef = 8575565B76EFD45E7B77D31C /* Pods_firebaseTest.framework */; };
/* End PBXBuildFile section */

/* Begin PBXFileReference section */
		18A9107B1ED97CC300979F5F /* firebaseTest.app */ = {isa = PBXFileReference; explicitFileType = wrapper.application; includeInIndex = 0; path = firebaseTest.app; sourceTree = BUILT_PRODUCTS_DIR; };
		18A9107E1ED97CC300979F5F /* AppDelegate.swift */ = {isa = PBXFileReference; lastKnownFileType = sourcecode.swift; path = AppDelegate.swift; sourceTree = "<group>"; };
		18A910801ED97CC300979F5F /* ViewController.swift */ = {isa = PBXFileReference; lastKnownFileType = sourcecode.swift; path = ViewController.swift; sourceTree = "<group>"; };
		18A910831ED97CC300979F5F /* Base */ = {isa = PBXFileReference; lastKnownFileType = file.storyboard; name = Base; path = Base.lproj/Main.storyboard; sourceTree = "<group>"; };
		18A910851ED97CC300979F5F /* Assets.xcassets */ = {isa = PBXFileReference; lastKnownFileType = folder.assetcatalog; path = Assets.xcassets; sourceTree = "<group>"; };
		18A910881ED97CC300979F5F /* Base */ = {isa = PBXFileReference; lastKnownFileType = file.storyboard; name = Base; path = Base.lproj/LaunchScreen.storyboard; sourceTree = "<group>"; };
		18A9108A1ED97CC300979F5F /* Info.plist */ = {isa = PBXFileReference; lastKnownFileType = text.plist.xml; path = Info.plist; sourceTree = "<group>"; };
		18A910901ED97D7100979F5F /* GoogleService-Info.plist */ = {isa = PBXFileReference; fileEncoding = 4; lastKnownFileType = text.plist.xml; path = "GoogleService-Info.plist"; sourceTree = "<group>"; };
		8575565B76EFD45E7B77D31C /* Pods_firebaseTest.framework */ = {isa = PBXFileReference; explicitFileType = wrapper.framework; includeInIndex = 0; path = Pods_firebaseTest.framework; sourceTree = BUILT_PRODUCTS_DIR; };
		922D6CF0A232D16FFC896148 /* Pods-firebaseTest.debug.xcconfig */ = {isa = PBXFileReference; includeInIndex = 1; lastKnownFileType = text.xcconfig; name = "Pods-firebaseTest.debug.xcconfig"; path = "Pods/Target Support Files/Pods-firebaseTest/Pods-firebaseTest.debug.xcconfig"; sourceTree = "<group>"; };
		E61649B23156B2F376ACA6BE /* Pods-firebaseTest.release.xcconfig */ = {isa = PBXFileReference; includeInIndex = 1; lastKnownFileType = text.xcconfig; name = "Pods-firebaseTest.release.xcconfig"; path = "Pods/Target Support Files/Pods-firebaseTest/Pods-firebaseTest.release.xcconfig"; sourceTree = "<group>"; };
/* End PBXFileReference section */

/* Begin PBXFrameworksBuildPhase section */
		18A910781ED97CC300979F5F /* Frameworks */ = {
			isa = PBXFrameworksBuildPhase;
			buildActionMask = 2147483647;
			files = (
				EF5CD48EDB621D63378DDB5B /* Pods_firebaseTest.framework in Frameworks */,
			);
			runOnlyForDeploymentPostprocessing = 0;
		};
/* End PBXFrameworksBuildPhase section */

/* Begin PBXGroup section */
		18A910721ED97CC300979F5F = {
			isa = PBXGroup;
			children = (
				18A9107D1ED97CC300979F5F /* firebaseTest */,
				18A9107C1ED97CC300979F5F /* Products */,
				4D6D5DE3A341041D0F457E26 /* Pods */,
				9CAF54BC5E7E5968B9A11F6F /* Frameworks */,
			);
			sourceTree = "<group>";
		};
		18A9107C1ED97CC300979F5F /* Products */ = {
			isa = PBXGroup;
			children = (
				18A9107B1ED97CC300979F5F /* firebaseTest.app */,
			);
			name = Products;
			sourceTree = "<group>";
		};
		18A9107D1ED97CC300979F5F /* firebaseTest */ = {
			isa = PBXGroup;
			children = (
				18A9107E1ED97CC300979F5F /* AppDelegate.swift */,
				18A910801ED97CC300979F5F /* ViewController.swift */,
				18A910821ED97CC300979F5F /* Main.storyboard */,
				18A910851ED97CC300979F5F /* Assets.xcassets */,
				18A910871ED97CC300979F5F /* LaunchScreen.storyboard */,
				18A9108A1ED97CC300979F5F /* Info.plist */,
				18A910901ED97D7100979F5F /* GoogleService-Info.plist */,
			);
			path = firebaseTest;
			sourceTree = "<group>";
		};
		4D6D5DE3A341041D0F457E26 /* Pods */ = {
			isa = PBXGroup;
			children = (
				922D6CF0A232D16FFC896148 /* Pods-firebaseTest.debug.xcconfig */,
				E61649B23156B2F376ACA6BE /* Pods-firebaseTest.release.xcconfig */,
			);
			name = Pods;
			sourceTree = "<group>";
		};
		9CAF54BC5E7E5968B9A11F6F /* Frameworks */ = {
			isa = PBXGroup;
			children = (
				8575565B76EFD45E7B77D31C /* Pods_firebaseTest.framework */,
			);
			name = Frameworks;
			sourceTree = "<group>";
		};
/* End PBXGroup section */

/* Begin PBXNativeTarget section */
		18A9107A1ED97CC300979F5F /* firebaseTest */ = {
			isa = PBXNativeTarget;
			buildConfigurationList = 18A9108D1ED97CC300979F5F /* Build configuration list for PBXNativeTarget "firebaseTest" */;
			buildPhases = (
				717D73D6F509C8CF99FD1CB7 /* [CP] Check Pods Manifest.lock */,
				18A910771ED97CC300979F5F /* Sources */,
				18A910781ED97CC300979F5F /* Frameworks */,
				18A910791ED97CC300979F5F /* Resources */,
				490BC89CA595A0FC913D5CA9 /* [CP] Embed Pods Frameworks */,
				9D190B54B96686DCB475FF8A /* [CP] Copy Pods Resources */,
			);
			buildRules = (
			);
			dependencies = (
			);
			name = firebaseTest;
			productName = firebaseTest;
			productReference = 18A9107B1ED97CC300979F5F /* firebaseTest.app */;
			productType = "com.apple.product-type.application";
		};
/* End PBXNativeTarget section */

/* Begin PBXProject section */
		18A910731ED97CC300979F5F /* Project object */ = {
			isa = PBXProject;
			attributes = {
				LastSwiftUpdateCheck = 0830;
				LastUpgradeCheck = 0830;
				ORGANIZATIONNAME = rishabh.yadav;
				TargetAttributes = {
					18A9107A1ED97CC300979F5F = {
						CreatedOnToolsVersion = 8.3.2;
						DevelopmentTeam = 3KD9VPAV7X;
						ProvisioningStyle = Automatic;
					};
				};
			};
			buildConfigurationList = 18A910761ED97CC300979F5F /* Build configuration list for PBXProject "firebaseTest" */;
			compatibilityVersion = "Xcode 3.2";
			developmentRegion = English;
			hasScannedForEncodings = 0;
			knownRegions = (
				en,
				Base,
			);
			mainGroup = 18A910721ED97CC300979F5F;
			productRefGroup = 18A9107C1ED97CC300979F5F /* Products */;
			projectDirPath = "";
			projectRoot = "";
			targets = (
				18A9107A1ED97CC300979F5F /* firebaseTest */,
			);
		};
/* End PBXProject section */

/* Begin PBXResourcesBuildPhase section */
		18A910791ED97CC300979F5F /* Resources */ = {
			isa = PBXResourcesBuildPhase;
			buildActionMask = 2147483647;
			files = (
				18A910891ED97CC300979F5F /* LaunchScreen.storyboard in Resources */,
				18A910911ED97D7100979F5F /* GoogleService-Info.plist in Resources */,
				18A910861ED97CC300979F5F /* Assets.xcassets in Resources */,
				18A910841ED97CC300979F5F /* Main.storyboard in Resources */,
			);
			runOnlyForDeploymentPostprocessing = 0;
		};
/* End PBXResourcesBuildPhase section */

/* Begin PBXShellScriptBuildPhase section */
		490BC89CA595A0FC913D5CA9 /* [CP] Embed Pods Frameworks */ = {
			isa = PBXShellScriptBuildPhase;
			buildActionMask = 2147483647;
			files = (
			);
			inputPaths = (
			);
			name = "[CP] Embed Pods Frameworks";
			outputPaths = (
			);
			runOnlyForDeploymentPostprocessing = 0;
			shellPath = /bin/sh;
			shellScript = "\"${SRCROOT}/Pods/Target Support Files/Pods-firebaseTest/Pods-firebaseTest-frameworks.sh\"\n";
			showEnvVarsInLog = 0;
		};
		717D73D6F509C8CF99FD1CB7 /* [CP] Check Pods Manifest.lock */ = {
			isa = PBXShellScriptBuildPhase;
			buildActionMask = 2147483647;
			files = (
			);
			inputPaths = (
			);
			name = "[CP] Check Pods Manifest.lock";
			outputPaths = (
			);
			runOnlyForDeploymentPostprocessing = 0;
			shellPath = /bin/sh;
			shellScript = "diff \"${PODS_PODFILE_DIR_PATH}/Podfile.lock\" \"${PODS_ROOT}/Manifest.lock\" > /dev/null\nif [ $? != 0 ] ; then\n    # print error to STDERR\n    echo \"error: The sandbox is not in sync with the Podfile.lock. Run 'pod install' or update your CocoaPods installation.\" >&2\n    exit 1\nfi\n";
			showEnvVarsInLog = 0;
		};
		9D190B54B96686DCB475FF8A /* [CP] Copy Pods Resources */ = {
			isa = PBXShellScriptBuildPhase;
			buildActionMask = 2147483647;
			files = (
			);
			inputPaths = (
			);
			name = "[CP] Copy Pods Resources";
			outputPaths = (
			);
			runOnlyForDeploymentPostprocessing = 0;
			shellPath = /bin/sh;
			shellScript = "\"${SRCROOT}/Pods/Target Support Files/Pods-firebaseTest/Pods-firebaseTest-resources.sh\"\n";
			showEnvVarsInLog = 0;
		};
/* End PBXShellScriptBuildPhase section */

/* Begin PBXSourcesBuildPhase section */
		18A910771ED97CC300979F5F /* Sources */ = {
			isa = PBXSourcesBuildPhase;
			buildActionMask = 2147483647;
			files = (
				18A910811ED97CC300979F5F /* ViewController.swift in Sources */,
				18A9107F1ED97CC300979F5F /* AppDelegate.swift in Sources */,
			);
			runOnlyForDeploymentPostprocessing = 0;
		};
/* End PBXSourcesBuildPhase section */

/* Begin PBXVariantGroup section */
		18A910821ED97CC300979F5F /* Main.storyboard */ = {
			isa = PBXVariantGroup;
			children = (
				18A910831ED97CC300979F5F /* Base */,
			);
			name = Main.storyboard;
			sourceTree = "<group>";
		};
		18A910871ED97CC300979F5F /* LaunchScreen.storyboard */ = {
			isa = PBXVariantGroup;
			children = (
				18A910881ED97CC300979F5F /* Base */,
			);
			name = LaunchScreen.storyboard;
			sourceTree = "<group>";
		};
/* End PBXVariantGroup section */

/* Begin XCBuildConfiguration section */
		18A9108B1ED97CC300979F5F /* Debug */ = {
			isa = XCBuildConfiguration;
			buildSettings = {
				ALWAYS_SEARCH_USER_PATHS = NO;
				CLANG_ANALYZER_NONNULL = YES;
				CLANG_ANALYZER_NUMBER_OBJECT_CONVERSION = YES_AGGRESSIVE;
				CLANG_CXX_LANGUAGE_STANDARD = "gnu++0x";
				CLANG_CXX_LIBRARY = "libc++";
				CLANG_ENABLE_MODULES = YES;
				CLANG_ENABLE_OBJC_ARC = YES;
				CLANG_WARN_BOOL_CONVERSION = YES;
				CLANG_WARN_CONSTANT_CONVERSION = YES;
				CLANG_WARN_DIRECT_OBJC_ISA_USAGE = YES_ERROR;
				CLANG_WARN_DOCUMENTATION_COMMENTS = YES;
				CLANG_WARN_EMPTY_BODY = YES;
				CLANG_WARN_ENUM_CONVERSION = YES;
				CLANG_WARN_INFINITE_RECURSION = YES;
				CLANG_WARN_INT_CONVERSION = YES;
				CLANG_WARN_OBJC_ROOT_CLASS = YES_ERROR;
				CLANG_WARN_SUSPICIOUS_MOVE = YES;
				CLANG_WARN_UNREACHABLE_CODE = YES;
				CLANG_WARN__DUPLICATE_METHOD_MATCH = YES;
				"CODE_SIGN_IDENTITY[sdk=iphoneos*]" = "iPhone Developer";
				COPY_PHASE_STRIP = NO;
				DEBUG_INFORMATION_FORMAT = dwarf;
				ENABLE_STRICT_OBJC_MSGSEND = YES;
				ENABLE_TESTABILITY = YES;
				GCC_C_LANGUAGE_STANDARD = gnu99;
				GCC_DYNAMIC_NO_PIC = NO;
				GCC_NO_COMMON_BLOCKS = YES;
				GCC_OPTIMIZATION_LEVEL = 0;
				GCC_PREPROCESSOR_DEFINITIONS = (
					"DEBUG=1",
					"$(inherited)",
				);
				GCC_WARN_64_TO_32_BIT_CONVERSION = YES;
				GCC_WARN_ABOUT_RETURN_TYPE = YES_ERROR;
				GCC_WARN_UNDECLARED_SELECTOR = YES;
				GCC_WARN_UNINITIALIZED_AUTOS = YES_AGGRESSIVE;
				GCC_WARN_UNUSED_FUNCTION = YES;
				GCC_WARN_UNUSED_VARIABLE = YES;
				IPHONEOS_DEPLOYMENT_TARGET = 10.3;
				MTL_ENABLE_DEBUG_INFO = YES;
				ONLY_ACTIVE_ARCH = YES;
				SDKROOT = iphoneos;
				SWIFT_ACTIVE_COMPILATION_CONDITIONS = DEBUG;
				SWIFT_OPTIMIZATION_LEVEL = "-Onone";
			};
			name = Debug;
		};
		18A9108C1ED97CC300979F5F /* Release */ = {
			isa = XCBuildConfiguration;
			buildSettings = {
				ALWAYS_SEARCH_USER_PATHS = NO;
				CLANG_ANALYZER_NONNULL = YES;
				CLANG_ANALYZER_NUMBER_OBJECT_CONVERSION = YES_AGGRESSIVE;
				CLANG_CXX_LANGUAGE_STANDARD = "gnu++0x";
				CLANG_CXX_LIBRARY = "libc++";
				CLANG_ENABLE_MODULES = YES;
				CLANG_ENABLE_OBJC_ARC = YES;
				CLANG_WARN_BOOL_CONVERSION = YES;
				CLANG_WARN_CONSTANT_CONVERSION = YES;
				CLANG_WARN_DIRECT_OBJC_ISA_USAGE = YES_ERROR;
				CLANG_WARN_DOCUMENTATION_COMMENTS = YES;
				CLANG_WARN_EMPTY_BODY = YES;
				CLANG_WARN_ENUM_CONVERSION = YES;
				CLANG_WARN_INFINITE_RECURSION = YES;
				CLANG_WARN_INT_CONVERSION = YES;
				CLANG_WARN_OBJC_ROOT_CLASS = YES_ERROR;
				CLANG_WARN_SUSPICIOUS_MOVE = YES;
				CLANG_WARN_UNREACHABLE_CODE = YES;
				CLANG_WARN__DUPLICATE_METHOD_MATCH = YES;
				"CODE_SIGN_IDENTITY[sdk=iphoneos*]" = "iPhone Developer";
				COPY_PHASE_STRIP = NO;
				DEBUG_INFORMATION_FORMAT = "dwarf-with-dsym";
				ENABLE_NS_ASSERTIONS = NO;
				ENABLE_STRICT_OBJC_MSGSEND = YES;
				GCC_C_LANGUAGE_STANDARD = gnu99;
				GCC_NO_COMMON_BLOCKS = YES;
				GCC_WARN_64_TO_32_BIT_CONVERSION = YES;
				GCC_WARN_ABOUT_RETURN_TYPE = YES_ERROR;
				GCC_WARN_UNDECLARED_SELECTOR = YES;
				GCC_WARN_UNINITIALIZED_AUTOS = YES_AGGRESSIVE;
				GCC_WARN_UNUSED_FUNCTION = YES;
				GCC_WARN_UNUSED_VARIABLE = YES;
				IPHONEOS_DEPLOYMENT_TARGET = 10.3;
				MTL_ENABLE_DEBUG_INFO = NO;
				SDKROOT = iphoneos;
				SWIFT_OPTIMIZATION_LEVEL = "-Owholemodule";
				VALIDATE_PRODUCT = YES;
			};
			name = Release;
		};
		18A9108E1ED97CC300979F5F /* Debug */ = {
			isa = XCBuildConfiguration;
			baseConfigurationReference = 922D6CF0A232D16FFC896148 /* Pods-firebaseTest.debug.xcconfig */;
			buildSettings = {
				ASSETCATALOG_COMPILER_APPICON_NAME = AppIcon;
				DEVELOPMENT_TEAM = 3KD9VPAV7X;
				INFOPLIST_FILE = firebaseTest/Info.plist;
				LD_RUNPATH_SEARCH_PATHS = "$(inherited) @executable_path/Frameworks";
				PRODUCT_BUNDLE_IDENTIFIER = com.rishabh.firebaseTest;
				PRODUCT_NAME = "$(TARGET_NAME)";
				SWIFT_VERSION = 3.0;
			};
			name = Debug;
		};
		18A9108F1ED97CC300979F5F /* Release */ = {
			isa = XCBuildConfiguration;
			baseConfigurationReference = E61649B23156B2F376ACA6BE /* Pods-firebaseTest.release.xcconfig */;
			buildSettings = {
				ASSETCATALOG_COMPILER_APPICON_NAME = AppIcon;
				DEVELOPMENT_TEAM = 3KD9VPAV7X;
				INFOPLIST_FILE = firebaseTest/Info.plist;
				LD_RUNPATH_SEARCH_PATHS = "$(inherited) @executable_path/Frameworks";
				PRODUCT_BUNDLE_IDENTIFIER = com.rishabh.firebaseTest;
				PRODUCT_NAME = "$(TARGET_NAME)";
				SWIFT_VERSION = 3.0;
			};
			name = Release;
		};
/* End XCBuildConfiguration section */

/* Begin XCConfigurationList section */
		18A910761ED97CC300979F5F /* Build configuration list for PBXProject "firebaseTest" */ = {
			isa = XCConfigurationList;
			buildConfigurations = (
				18A9108B1ED97CC300979F5F /* Debug */,
				18A9108C1ED97CC300979F5F /* Release */,
			);
			defaultConfigurationIsVisible = 0;
			defaultConfigurationName = Release;
		};
		18A9108D1ED97CC300979F5F /* Build configuration list for PBXNativeTarget "firebaseTest" */ = {
			isa = XCConfigurationList;
			buildConfigurations = (
				18A9108E1ED97CC300979F5F /* Debug */,
				18A9108F1ED97CC300979F5F /* Release */,
			);
			defaultConfigurationIsVisible = 0;
		};
/* End XCConfigurationList section */
	};
	rootObject = 18A910731ED97CC300979F5F /* Project object */;
}
