// !$*UTF8*$!
{
	archiveVersion = 1;
	classes = {
	};
	objectVersion = 46;
	objects = {

/* Begin PBXBuildFile section */
		18AFA6E71ED6A6EC004746F9 /* AppDelegate.swift in Sources */ = {isa = PBXBuildFile; fileRef = 18AFA6E61ED6A6EC004746F9 /* AppDelegate.swift */; };
		18AFA6E91ED6A6EC004746F9 /* ViewController.swift in Sources */ = {isa = PBXBuildFile; fileRef = 18AFA6E81ED6A6EC004746F9 /* ViewController.swift */; };
		18AFA6EC1ED6A6EC004746F9 /* Main.storyboard in Resources */ = {isa = PBXBuildFile; fileRef = 18AFA6EA1ED6A6EC004746F9 /* Main.storyboard */; };
		18AFA6EF1ED6A6EC004746F9 /* CustomCells.xcdatamodeld in Sources */ = {isa = PBXBuildFile; fileRef = 18AFA6ED1ED6A6EC004746F9 /* CustomCells.xcdatamodeld */; };
		18AFA6F11ED6A6EC004746F9 /* Assets.xcassets in Resources */ = {isa = PBXBuildFile; fileRef = 18AFA6F01ED6A6EC004746F9 /* Assets.xcassets */; };
		18AFA6F41ED6A6EC004746F9 /* LaunchScreen.storyboard in Resources */ = {isa = PBXBuildFile; fileRef = 18AFA6F21ED6A6EC004746F9 /* LaunchScreen.storyboard */; };
		18AFA6FC1ED6A863004746F9 /* CustomCell.swift in Sources */ = {isa = PBXBuildFile; fileRef = 18AFA6FB1ED6A863004746F9 /* CustomCell.swift */; };
/* End PBXBuildFile section */

/* Begin PBXFileReference section */
		18AFA6E31ED6A6EC004746F9 /* CustomCells.app */ = {isa = PBXFileReference; explicitFileType = wrapper.application; includeInIndex = 0; path = CustomCells.app; sourceTree = BUILT_PRODUCTS_DIR; };
		18AFA6E61ED6A6EC004746F9 /* AppDelegate.swift */ = {isa = PBXFileReference; lastKnownFileType = sourcecode.swift; path = AppDelegate.swift; sourceTree = "<group>"; };
		18AFA6E81ED6A6EC004746F9 /* ViewController.swift */ = {isa = PBXFileReference; lastKnownFileType = sourcecode.swift; path = ViewController.swift; sourceTree = "<group>"; };
		18AFA6EB1ED6A6EC004746F9 /* Base */ = {isa = PBXFileReference; lastKnownFileType = file.storyboard; name = Base; path = Base.lproj/Main.storyboard; sourceTree = "<group>"; };
		18AFA6EE1ED6A6EC004746F9 /* CustomCells.xcdatamodel */ = {isa = PBXFileReference; lastKnownFileType = wrapper.xcdatamodel; path = CustomCells.xcdatamodel; sourceTree = "<group>"; };
		18AFA6F01ED6A6EC004746F9 /* Assets.xcassets */ = {isa = PBXFileReference; lastKnownFileType = folder.assetcatalog; path = Assets.xcassets; sourceTree = "<group>"; };
		18AFA6F31ED6A6EC004746F9 /* Base */ = {isa = PBXFileReference; lastKnownFileType = file.storyboard; name = Base; path = Base.lproj/LaunchScreen.storyboard; sourceTree = "<group>"; };
		18AFA6F51ED6A6EC004746F9 /* Info.plist */ = {isa = PBXFileReference; lastKnownFileType = text.plist.xml; path = Info.plist; sourceTree = "<group>"; };
		18AFA6FB1ED6A863004746F9 /* CustomCell.swift */ = {isa = PBXFileReference; fileEncoding = 4; lastKnownFileType = sourcecode.swift; path = CustomCell.swift; sourceTree = "<group>"; };
/* End PBXFileReference section */

/* Begin PBXFrameworksBuildPhase section */
		18AFA6E01ED6A6EC004746F9 /* Frameworks */ = {
			isa = PBXFrameworksBuildPhase;
			buildActionMask = 2147483647;
			files = (
			);
			runOnlyForDeploymentPostprocessing = 0;
		};
/* End PBXFrameworksBuildPhase section */

/* Begin PBXGroup section */
		18AFA6DA1ED6A6EC004746F9 = {
			isa = PBXGroup;
			children = (
				18AFA6E51ED6A6EC004746F9 /* CustomCells */,
				18AFA6E41ED6A6EC004746F9 /* Products */,
			);
			sourceTree = "<group>";
		};
		18AFA6E41ED6A6EC004746F9 /* Products */ = {
			isa = PBXGroup;
			children = (
				18AFA6E31ED6A6EC004746F9 /* CustomCells.app */,
			);
			name = Products;
			sourceTree = "<group>";
		};
		18AFA6E51ED6A6EC004746F9 /* CustomCells */ = {
			isa = PBXGroup;
			children = (
				18AFA6E61ED6A6EC004746F9 /* AppDelegate.swift */,
				18AFA6E81ED6A6EC004746F9 /* ViewController.swift */,
				18AFA6FB1ED6A863004746F9 /* CustomCell.swift */,
				18AFA6EA1ED6A6EC004746F9 /* Main.storyboard */,
				18AFA6F01ED6A6EC004746F9 /* Assets.xcassets */,
				18AFA6F21ED6A6EC004746F9 /* LaunchScreen.storyboard */,
				18AFA6F51ED6A6EC004746F9 /* Info.plist */,
				18AFA6ED1ED6A6EC004746F9 /* CustomCells.xcdatamodeld */,
			);
			path = CustomCells;
			sourceTree = "<group>";
		};
/* End PBXGroup section */

/* Begin PBXNativeTarget section */
		18AFA6E21ED6A6EC004746F9 /* CustomCells */ = {
			isa = PBXNativeTarget;
			buildConfigurationList = 18AFA6F81ED6A6EC004746F9 /* Build configuration list for PBXNativeTarget "CustomCells" */;
			buildPhases = (
				18AFA6DF1ED6A6EC004746F9 /* Sources */,
				18AFA6E01ED6A6EC004746F9 /* Frameworks */,
				18AFA6E11ED6A6EC004746F9 /* Resources */,
			);
			buildRules = (
			);
			dependencies = (
			);
			name = CustomCells;
			productName = CustomCells;
			productReference = 18AFA6E31ED6A6EC004746F9 /* CustomCells.app */;
			productType = "com.apple.product-type.application";
		};
/* End PBXNativeTarget section */

/* Begin PBXProject section */
		18AFA6DB1ED6A6EC004746F9 /* Project object */ = {
			isa = PBXProject;
			attributes = {
				LastSwiftUpdateCheck = 0830;
				LastUpgradeCheck = 0830;
				ORGANIZATIONNAME = rishabh.yadav;
				TargetAttributes = {
					18AFA6E21ED6A6EC004746F9 = {
						CreatedOnToolsVersion = 8.3.2;
						DevelopmentTeam = 3KD9VPAV7X;
						ProvisioningStyle = Automatic;
					};
				};
			};
			buildConfigurationList = 18AFA6DE1ED6A6EC004746F9 /* Build configuration list for PBXProject "CustomCells" */;
			compatibilityVersion = "Xcode 3.2";
			developmentRegion = English;
			hasScannedForEncodings = 0;
			knownRegions = (
				en,
				Base,
			);
			mainGroup = 18AFA6DA1ED6A6EC004746F9;
			productRefGroup = 18AFA6E41ED6A6EC004746F9 /* Products */;
			projectDirPath = "";
			projectRoot = "";
			targets = (
				18AFA6E21ED6A6EC004746F9 /* CustomCells */,
			);
		};
/* End PBXProject section */

/* Begin PBXResourcesBuildPhase section */
		18AFA6E11ED6A6EC004746F9 /* Resources */ = {
			isa = PBXResourcesBuildPhase;
			buildActionMask = 2147483647;
			files = (
				18AFA6F41ED6A6EC004746F9 /* LaunchScreen.storyboard in Resources */,
				18AFA6F11ED6A6EC004746F9 /* Assets.xcassets in Resources */,
				18AFA6EC1ED6A6EC004746F9 /* Main.storyboard in Resources */,
			);
			runOnlyForDeploymentPostprocessing = 0;
		};
/* End PBXResourcesBuildPhase section */

/* Begin PBXSourcesBuildPhase section */
		18AFA6DF1ED6A6EC004746F9 /* Sources */ = {
			isa = PBXSourcesBuildPhase;
			buildActionMask = 2147483647;
			files = (
				18AFA6E91ED6A6EC004746F9 /* ViewController.swift in Sources */,
				18AFA6EF1ED6A6EC004746F9 /* CustomCells.xcdatamodeld in Sources */,
				18AFA6FC1ED6A863004746F9 /* CustomCell.swift in Sources */,
				18AFA6E71ED6A6EC004746F9 /* AppDelegate.swift in Sources */,
			);
			runOnlyForDeploymentPostprocessing = 0;
		};
/* End PBXSourcesBuildPhase section */

/* Begin PBXVariantGroup section */
		18AFA6EA1ED6A6EC004746F9 /* Main.storyboard */ = {
			isa = PBXVariantGroup;
			children = (
				18AFA6EB1ED6A6EC004746F9 /* Base */,
			);
			name = Main.storyboard;
			sourceTree = "<group>";
		};
		18AFA6F21ED6A6EC004746F9 /* LaunchScreen.storyboard */ = {
			isa = PBXVariantGroup;
			children = (
				18AFA6F31ED6A6EC004746F9 /* Base */,
			);
			name = LaunchScreen.storyboard;
			sourceTree = "<group>";
		};
/* End PBXVariantGroup section */

/* Begin XCBuildConfiguration section */
		18AFA6F61ED6A6EC004746F9 /* Debug */ = {
			isa = XCBuildConfiguration;
			buildSettings = {
				ALWAYS_SEARCH_USER_PATHS = NO;
				CLANG_ANALYZER_NONNULL = YES;
				CLANG_ANALYZER_NUMBER_OBJECT_CONVERSION = YES_AGGRESSIVE;
				CLANG_CXX_LANGUAGE_STANDARD = "gnu++0x";
				CLANG_CXX_LIBRARY = "libc++";
				CLANG_ENABLE_MODULES = YES;
				CLANG_ENABLE_OBJC_ARC = YES;
				CLANG_WARN_BOOL_CONVERSION = YES;
				CLANG_WARN_CONSTANT_CONVERSION = YES;
				CLANG_WARN_DIRECT_OBJC_ISA_USAGE = YES_ERROR;
				CLANG_WARN_DOCUMENTATION_COMMENTS = YES;
				CLANG_WARN_EMPTY_BODY = YES;
				CLANG_WARN_ENUM_CONVERSION = YES;
				CLANG_WARN_INFINITE_RECURSION = YES;
				CLANG_WARN_INT_CONVERSION = YES;
				CLANG_WARN_OBJC_ROOT_CLASS = YES_ERROR;
				CLANG_WARN_SUSPICIOUS_MOVE = YES;
				CLANG_WARN_UNREACHABLE_CODE = YES;
				CLANG_WARN__DUPLICATE_METHOD_MATCH = YES;
				"CODE_SIGN_IDENTITY[sdk=iphoneos*]" = "iPhone Developer";
				COPY_PHASE_STRIP = NO;
				DEBUG_INFORMATION_FORMAT = dwarf;
				ENABLE_STRICT_OBJC_MSGSEND = YES;
				ENABLE_TESTABILITY = YES;
				GCC_C_LANGUAGE_STANDARD = gnu99;
				GCC_DYNAMIC_NO_PIC = NO;
				GCC_NO_COMMON_BLOCKS = YES;
				GCC_OPTIMIZATION_LEVEL = 0;
				GCC_PREPROCESSOR_DEFINITIONS = (
					"DEBUG=1",
					"$(inherited)",
				);
				GCC_WARN_64_TO_32_BIT_CONVERSION = YES;
				GCC_WARN_ABOUT_RETURN_TYPE = YES_ERROR;
				GCC_WARN_UNDECLARED_SELECTOR = YES;
				GCC_WARN_UNINITIALIZED_AUTOS = YES_AGGRESSIVE;
				GCC_WARN_UNUSED_FUNCTION = YES;
				GCC_WARN_UNUSED_VARIABLE = YES;
				IPHONEOS_DEPLOYMENT_TARGET = 10.3;
				MTL_ENABLE_DEBUG_INFO = YES;
				ONLY_ACTIVE_ARCH = YES;
				SDKROOT = iphoneos;
				SWIFT_ACTIVE_COMPILATION_CONDITIONS = DEBUG;
				SWIFT_OPTIMIZATION_LEVEL = "-Onone";
			};
			name = Debug;
		};
		18AFA6F71ED6A6EC004746F9 /* Release */ = {
			isa = XCBuildConfiguration;
			buildSettings = {
				ALWAYS_SEARCH_USER_PATHS = NO;
				CLANG_ANALYZER_NONNULL = YES;
				CLANG_ANALYZER_NUMBER_OBJECT_CONVERSION = YES_AGGRESSIVE;
				CLANG_CXX_LANGUAGE_STANDARD = "gnu++0x";
				CLANG_CXX_LIBRARY = "libc++";
				CLANG_ENABLE_MODULES = YES;
				CLANG_ENABLE_OBJC_ARC = YES;
				CLANG_WARN_BOOL_CONVERSION = YES;
				CLANG_WARN_CONSTANT_CONVERSION = YES;
				CLANG_WARN_DIRECT_OBJC_ISA_USAGE = YES_ERROR;
				CLANG_WARN_DOCUMENTATION_COMMENTS = YES;
				CLANG_WARN_EMPTY_BODY = YES;
				CLANG_WARN_ENUM_CONVERSION = YES;
				CLANG_WARN_INFINITE_RECURSION = YES;
				CLANG_WARN_INT_CONVERSION = YES;
				CLANG_WARN_OBJC_ROOT_CLASS = YES_ERROR;
				CLANG_WARN_SUSPICIOUS_MOVE = YES;
				CLANG_WARN_UNREACHABLE_CODE = YES;
				CLANG_WARN__DUPLICATE_METHOD_MATCH = YES;
				"CODE_SIGN_IDENTITY[sdk=iphoneos*]" = "iPhone Developer";
				COPY_PHASE_STRIP = NO;
				DEBUG_INFORMATION_FORMAT = "dwarf-with-dsym";
				ENABLE_NS_ASSERTIONS = NO;
				ENABLE_STRICT_OBJC_MSGSEND = YES;
				GCC_C_LANGUAGE_STANDARD = gnu99;
				GCC_NO_COMMON_BLOCKS = YES;
				GCC_WARN_64_TO_32_BIT_CONVERSION = YES;
				GCC_WARN_ABOUT_RETURN_TYPE = YES_ERROR;
				GCC_WARN_UNDECLARED_SELECTOR = YES;
				GCC_WARN_UNINITIALIZED_AUTOS = YES_AGGRESSIVE;
				GCC_WARN_UNUSED_FUNCTION = YES;
				GCC_WARN_UNUSED_VARIABLE = YES;
				IPHONEOS_DEPLOYMENT_TARGET = 10.3;
				MTL_ENABLE_DEBUG_INFO = NO;
				SDKROOT = iphoneos;
				SWIFT_OPTIMIZATION_LEVEL = "-Owholemodule";
				VALIDATE_PRODUCT = YES;
			};
			name = Release;
		};
		18AFA6F91ED6A6EC004746F9 /* Debug */ = {
			isa = XCBuildConfiguration;
			buildSettings = {
				ASSETCATALOG_COMPILER_APPICON_NAME = AppIcon;
				DEVELOPMENT_TEAM = 3KD9VPAV7X;
				INFOPLIST_FILE = CustomCells/Info.plist;
				LD_RUNPATH_SEARCH_PATHS = "$(inherited) @executable_path/Frameworks";
				PRODUCT_BUNDLE_IDENTIFIER = com.rishabh.CustomCells;
				PRODUCT_NAME = "$(TARGET_NAME)";
				SWIFT_VERSION = 3.0;
			};
			name = Debug;
		};
		18AFA6FA1ED6A6EC004746F9 /* Release */ = {
			isa = XCBuildConfiguration;
			buildSettings = {
				ASSETCATALOG_COMPILER_APPICON_NAME = AppIcon;
				DEVELOPMENT_TEAM = 3KD9VPAV7X;
				INFOPLIST_FILE = CustomCells/Info.plist;
				LD_RUNPATH_SEARCH_PATHS = "$(inherited) @executable_path/Frameworks";
				PRODUCT_BUNDLE_IDENTIFIER = com.rishabh.CustomCells;
				PRODUCT_NAME = "$(TARGET_NAME)";
				SWIFT_VERSION = 3.0;
			};
			name = Release;
		};
/* End XCBuildConfiguration section */

/* Begin XCConfigurationList section */
		18AFA6DE1ED6A6EC004746F9 /* Build configuration list for PBXProject "CustomCells" */ = {
			isa = XCConfigurationList;
			buildConfigurations = (
				18AFA6F61ED6A6EC004746F9 /* Debug */,
				18AFA6F71ED6A6EC004746F9 /* Release */,
			);
			defaultConfigurationIsVisible = 0;
			defaultConfigurationName = Release;
		};
		18AFA6F81ED6A6EC004746F9 /* Build configuration list for PBXNativeTarget "CustomCells" */ = {
			isa = XCConfigurationList;
			buildConfigurations = (
				18AFA6F91ED6A6EC004746F9 /* Debug */,
				18AFA6FA1ED6A6EC004746F9 /* Release */,
			);
			defaultConfigurationIsVisible = 0;
		};
/* End XCConfigurationList section */

/* Begin XCVersionGroup section */
		18AFA6ED1ED6A6EC004746F9 /* CustomCells.xcdatamodeld */ = {
			isa = XCVersionGroup;
			children = (
				18AFA6EE1ED6A6EC004746F9 /* CustomCells.xcdatamodel */,
			);
			currentVersion = 18AFA6EE1ED6A6EC004746F9 /* CustomCells.xcdatamodel */;
			path = CustomCells.xcdatamodeld;
			sourceTree = "<group>";
			versionGroupType = wrapper.xcdatamodel;
		};
/* End XCVersionGroup section */
	};
	rootObject = 18AFA6DB1ED6A6EC004746F9 /* Project object */;
}
